
Microsoft Visual Studio Solution File, Format Version 12.00
# Visual Studio Version 17
VisualStudioVersion = 17.4.33403.182
MinimumVisualStudioVersion = 10.0.40219.1
Project("{FAE04EC0-301F-11D3-BF4B-00C04F79EFBC}") = "practica2_API", "practica2_API\practica2_API.csproj", "{D08809FF-C7B1-434E-A032-3FB9C75ADFBB}"
EndProject
Global
	GlobalSection(SolutionConfigurationPlatforms) = preSolution
		Debug|Any CPU = Debug|Any CPU
		Release|Any CPU = Release|Any CPU
	EndGlobalSection
	GlobalSection(ProjectConfigurationPlatforms) = postSolution
		{D08809FF-C7B1-434E-A032-3FB9C75ADFBB}.Debug|Any CPU.ActiveCfg = Debug|Any CPU
		{D08809FF-C7B1-434E-A032-3FB9C75ADFBB}.Debug|Any CPU.Build.0 = Debug|Any CPU
		{D08809FF-C7B1-434E-A032-3FB9C75ADFBB}.Release|Any CPU.ActiveCfg = Release|Any CPU
		{D08809FF-C7B1-434E-A032-3FB9C75ADFBB}.Release|Any CPU.Build.0 = Release|Any CPU
	EndGlobalSection
	GlobalSection(SolutionProperties) = preSolution
		HideSolutionNode = FALSE
	EndGlobalSection
	GlobalSection(ExtensibilityGlobals) = postSolution
		SolutionGuid = {15C18A1E-1ECB-43B4-BEE4-5B64251776FC}
	EndGlobalSection
EndGlobal
